
Microsoft Visual Studio Solution File, Format Version 12.00
# Visual Studio Version 17
VisualStudioVersion = 17.0.31912.275
MinimumVisualStudioVersion = 10.0.40219.1
Project("{9A19103F-16F7-4668-BE54-9A1E7A4F7556}") = "BlazorApp", "BlazorApp\BlazorApp.csproj", "{049DA1AC-61DD-405A-A602-5EB3A29427E4}"
EndProject
Project("{FAE04EC0-301F-11D3-BF4B-00C04F79EFBC}") = "SpeeDine.Backend", "SpeeDine.Backend\SpeeDine.Backend.csproj", "{7D41DE35-47D0-41DE-B25E-827D828693D1}"
EndProject
Global
	GlobalSection(SolutionConfigurationPlatforms) = preSolution
		Debug|Any CPU = Debug|Any CPU
		Release|Any CPU = Release|Any CPU
	EndGlobalSection
	GlobalSection(ProjectConfigurationPlatforms) = postSolution
		{049DA1AC-61DD-405A-A602-5EB3A29427E4}.Debug|Any CPU.ActiveCfg = Debug|Any CPU
		{049DA1AC-61DD-405A-A602-5EB3A29427E4}.Debug|Any CPU.Build.0 = Debug|Any CPU
		{049DA1AC-61DD-405A-A602-5EB3A29427E4}.Release|Any CPU.ActiveCfg = Release|Any CPU
		{049DA1AC-61DD-405A-A602-5EB3A29427E4}.Release|Any CPU.Build.0 = Release|Any CPU
		{7D41DE35-47D0-41DE-B25E-827D828693D1}.Debug|Any CPU.ActiveCfg = Debug|Any CPU
		{7D41DE35-47D0-41DE-B25E-827D828693D1}.Debug|Any CPU.Build.0 = Debug|Any CPU
		{7D41DE35-47D0-41DE-B25E-827D828693D1}.Release|Any CPU.ActiveCfg = Release|Any CPU
		{7D41DE35-47D0-41DE-B25E-827D828693D1}.Release|Any CPU.Build.0 = Release|Any CPU
	EndGlobalSection
	GlobalSection(SolutionProperties) = preSolution
		HideSolutionNode = FALSE
	EndGlobalSection
	GlobalSection(ExtensibilityGlobals) = postSolution
		SolutionGuid = {04863389-019E-422B-8AD8-AA39D51EB0AA}
	EndGlobalSection
EndGlobal
